
Microsoft Visual Studio Solution File, Format Version 12.00
# Visual Studio 15
VisualStudioVersion = 15.0.27130.2036
MinimumVisualStudioVersion = 10.0.40219.1
Project("{FAE04EC0-301F-11D3-BF4B-00C04F79EFBC}") = "BuscaLocal", "BuscaLocal\BuscaLocal.csproj", "{61AF2EB3-9055-4570-9B00-A05A79C1D3E0}"
EndProject
Global
	GlobalSection(SolutionConfigurationPlatforms) = preSolution
		Debug|Any CPU = Debug|Any CPU
		Release|Any CPU = Release|Any CPU
	EndGlobalSection
	GlobalSection(ProjectConfigurationPlatforms) = postSolution
		{61AF2EB3-9055-4570-9B00-A05A79C1D3E0}.Debug|Any CPU.ActiveCfg = Debug|Any CPU
		{61AF2EB3-9055-4570-9B00-A05A79C1D3E0}.Debug|Any CPU.Build.0 = Debug|Any CPU
		{61AF2EB3-9055-4570-9B00-A05A79C1D3E0}.Release|Any CPU.ActiveCfg = Release|Any CPU
		{61AF2EB3-9055-4570-9B00-A05A79C1D3E0}.Release|Any CPU.Build.0 = Release|Any CPU
	EndGlobalSection
	GlobalSection(SolutionProperties) = preSolution
		HideSolutionNode = FALSE
	EndGlobalSection
	GlobalSection(ExtensibilityGlobals) = postSolution
		SolutionGuid = {412A90DB-63F3-4F7A-96A0-91A186E96C5C}
	EndGlobalSection
EndGlobal
